
Microsoft Visual Studio Solution File, Format Version 12.00
# Visual Studio 15
VisualStudioVersion = 15.0.27703.2026
MinimumVisualStudioVersion = 10.0.40219.1
Project("{FAE04EC0-301F-11D3-BF4B-00C04F79EFBC}") = "WindowsFormsApp1", "WindowsFormsApp1\WindowsFormsApp1.csproj", "{91ED2F45-147E-49F5-89DB-71654203254B}"
EndProject
Global
	GlobalSection(SolutionConfigurationPlatforms) = preSolution
		Debug|Any CPU = Debug|Any CPU
		Release|Any CPU = Release|Any CPU
	EndGlobalSection
	GlobalSection(ProjectConfigurationPlatforms) = postSolution
		{91ED2F45-147E-49F5-89DB-71654203254B}.Debug|Any CPU.ActiveCfg = Debug|Any CPU
		{91ED2F45-147E-49F5-89DB-71654203254B}.Debug|Any CPU.Build.0 = Debug|Any CPU
		{91ED2F45-147E-49F5-89DB-71654203254B}.Release|Any CPU.ActiveCfg = Release|Any CPU
		{91ED2F45-147E-49F5-89DB-71654203254B}.Release|Any CPU.Build.0 = Release|Any CPU
	EndGlobalSection
	GlobalSection(SolutionProperties) = preSolution
		HideSolutionNode = FALSE
	EndGlobalSection
	GlobalSection(ExtensibilityGlobals) = postSolution
		SolutionGuid = {AF04FF4F-17E9-499B-A091-CB06587FD711}
	EndGlobalSection
EndGlobal
